Microsoft Visual Studio Solution File, Format Version 12.00
# Visual Studio 14
VisualStudioVersion = 14.0.25420.1
MinimumVisualStudioVersion = 10.0.40219.1
Project("{FAE04EC0-301F-11D3-BF4B-00C04F79EFBC}") = "Robot", "Robot\Robot.csproj", "{F5B4EF4F-D080-4647-B645-791004B3C019}"
EndProject
Project("{FAE04EC0-301F-11D3-BF4B-00C04F79EFBC}") = "RobotContracts", "RobotContracts\RobotContracts.csproj", "{F498DFA2-60F4-4931-A05C-9269FA0A82DC}"
EndProject
Project("{FAE04EC0-301F-11D3-BF4B-00C04F79EFBC}") = "Engine", "Engine\Engine.csproj", "{BE4ADCB3-32A3-4BF4-86DE-04A9558449CC}"
EndProject
Project("{FAE04EC0-301F-11D3-BF4B-00C04F79EFBC}") = "Interface", "Interface\Interface.csproj", "{7C241702-E991-4094-A8E3-1723FDD13CDE}"
EndProject
Global
	GlobalSection(SolutionConfigurationPlatforms) = preSolution
		Debug|Any CPU = Debug|Any CPU
		Release|Any CPU = Release|Any CPU
	EndGlobalSection
	GlobalSection(ProjectConfigurationPlatforms) = postSolution
		{F5B4EF4F-D080-4647-B645-791004B3C019}.Debug|Any CPU.ActiveCfg = Debug|Any CPU
		{F5B4EF4F-D080-4647-B645-791004B3C019}.Debug|Any CPU.Build.0 = Debug|Any CPU
		{F5B4EF4F-D080-4647-B645-791004B3C019}.Release|Any CPU.ActiveCfg = Release|Any CPU
		{F5B4EF4F-D080-4647-B645-791004B3C019}.Release|Any CPU.Build.0 = Release|Any CPU
		{F498DFA2-60F4-4931-A05C-9269FA0A82DC}.Debug|Any CPU.ActiveCfg = Debug|Any CPU
		{F498DFA2-60F4-4931-A05C-9269FA0A82DC}.Debug|Any CPU.Build.0 = Debug|Any CPU
		{F498DFA2-60F4-4931-A05C-9269FA0A82DC}.Release|Any CPU.ActiveCfg = Release|Any CPU
		{F498DFA2-60F4-4931-A05C-9269FA0A82DC}.Release|Any CPU.Build.0 = Release|Any CPU
		{BE4ADCB3-32A3-4BF4-86DE-04A9558449CC}.Debug|Any CPU.ActiveCfg = Debug|Any CPU
		{BE4ADCB3-32A3-4BF4-86DE-04A9558449CC}.Debug|Any CPU.Build.0 = Debug|Any CPU
		{BE4ADCB3-32A3-4BF4-86DE-04A9558449CC}.Release|Any CPU.ActiveCfg = Release|Any CPU
		{BE4ADCB3-32A3-4BF4-86DE-04A9558449CC}.Release|Any CPU.Build.0 = Release|Any CPU
		{7C241702-E991-4094-A8E3-1723FDD13CDE}.Debug|Any CPU.ActiveCfg = Debug|Any CPU
		{7C241702-E991-4094-A8E3-1723FDD13CDE}.Debug|Any CPU.Build.0 = Debug|Any CPU
		{7C241702-E991-4094-A8E3-1723FDD13CDE}.Release|Any CPU.ActiveCfg = Release|Any CPU
		{7C241702-E991-4094-A8E3-1723FDD13CDE}.Release|Any CPU.Build.0 = Release|Any CPU
	EndGlobalSection
	GlobalSection(SolutionProperties) = preSolution
		HideSolutionNode = FALSE
	EndGlobalSection
EndGlobal
