Microsoft Visual Studio Solution File, Format Version 12.00
# Visual Studio 15
VisualStudioVersion = 15.0.27428.2037
MinimumVisualStudioVersion = 10.0.40219.1
Project("{FAE04EC0-301F-11D3-BF4B-00C04F79EFBC}") = "Robot_1", "Robot\Robot_1.csproj", "{F5B4EF4F-D080-4647-B645-791004B3C019}"
EndProject
Project("{FAE04EC0-301F-11D3-BF4B-00C04F79EFBC}") = "RobotContracts", "RobotContracts\RobotContracts.csproj", "{F498DFA2-60F4-4931-A05C-9269FA0A82DC}"
EndProject
Project("{FAE04EC0-301F-11D3-BF4B-00C04F79EFBC}") = "Engine", "Engine\Engine.csproj", "{BE4ADCB3-32A3-4BF4-86DE-04A9558449CC}"
EndProject
Project("{FAE04EC0-301F-11D3-BF4B-00C04F79EFBC}") = "Interface", "Interface\Interface.csproj", "{7C241702-E991-4094-A8E3-1723FDD13CDE}"
EndProject
Project("{FAE04EC0-301F-11D3-BF4B-00C04F79EFBC}") = "Robot_2", "Robot (2)\Robot_2.csproj", "{23F26B9A-D348-4ADB-9889-002C2C288296}"
EndProject
Project("{FAE04EC0-301F-11D3-BF4B-00C04F79EFBC}") = "Robot_3", "Robot (3)\Robot_3.csproj", "{DE85C32D-5168-40E3-864F-0CB04067BB49}"
EndProject
Project("{FAE04EC0-301F-11D3-BF4B-00C04F79EFBC}") = "Robot_4", "Robot (4)\Robot_4.csproj", "{0C65D1E9-59E8-4791-8936-818403491CC7}"
EndProject
Project("{FAE04EC0-301F-11D3-BF4B-00C04F79EFBC}") = "Robot_5", "Robot (5)\Robot_5.csproj", "{3D080229-79D7-4B9F-916D-3F75667A47C8}"
EndProject
Project("{FAE04EC0-301F-11D3-BF4B-00C04F79EFBC}") = "Robot_6", "Robot (6)\Robot_6.csproj", "{78FF1A6A-D2D0-4DB3-97A2-168A212ED9AF}"
EndProject
Project("{FAE04EC0-301F-11D3-BF4B-00C04F79EFBC}") = "Robot_7", "Robot (7)\Robot_7.csproj", "{5B7EA0AB-2AE5-4D54-9134-03B9A1EF1C20}"
EndProject
Project("{FAE04EC0-301F-11D3-BF4B-00C04F79EFBC}") = "Robot_8", "Robot (8)\Robot_8.csproj", "{9674D3E3-2D9B-4193-A276-995524B19D76}"
EndProject
Project("{FAE04EC0-301F-11D3-BF4B-00C04F79EFBC}") = "Robot_9", "Robot (9)\Robot_9.csproj", "{D1BC896F-3433-477B-895C-C78CF0006E62}"
EndProject
Project("{FAE04EC0-301F-11D3-BF4B-00C04F79EFBC}") = "Robot_10", "Robot (10)\Robot_10.csproj", "{9E926A6E-EE00-40E0-BFA2-7061BE34A809}"
EndProject
Project("{FAE04EC0-301F-11D3-BF4B-00C04F79EFBC}") = "Robot_11", "Robot (11)\Robot_11.csproj", "{BA30BFA1-F0BB-4FF9-9F92-8981A4862C0E}"
EndProject
Project("{FAE04EC0-301F-11D3-BF4B-00C04F79EFBC}") = "Robot_12", "Robot (12)\Robot_12.csproj", "{89202EDD-EA36-4A50-8CEE-EB5853FB6061}"
EndProject
Project("{FAE04EC0-301F-11D3-BF4B-00C04F79EFBC}") = "Robot_13", "Robot (13)\Robot_13.csproj", "{934A761A-359A-4D7D-B6EE-B4AD439E8DA4}"
EndProject
Project("{FAE04EC0-301F-11D3-BF4B-00C04F79EFBC}") = "Robot_14", "Robot (14)\Robot_14.csproj", "{396AF4EF-24B7-47FF-B4C6-2169249C08E2}"
EndProject
Project("{FAE04EC0-301F-11D3-BF4B-00C04F79EFBC}") = "Robot_15", "Robot (15)\Robot_15.csproj", "{C794E368-AA42-4653-AFA5-FC947FCB1984}"
EndProject
Project("{FAE04EC0-301F-11D3-BF4B-00C04F79EFBC}") = "Robot_16", "Robot (16)\Robot_16.csproj", "{D5216569-DCF0-41DD-B934-1CC078A66606}"
EndProject
Project("{FAE04EC0-301F-11D3-BF4B-00C04F79EFBC}") = "Robot_17", "Robot (17)\Robot_17.csproj", "{989328D5-261A-4642-A13F-43ECDBE8F726}"
EndProject
Project("{FAE04EC0-301F-11D3-BF4B-00C04F79EFBC}") = "Robot_18", "Robot (18)\Robot_18.csproj", "{B261D9D6-673C-418C-9CFD-411C0DF56493}"
EndProject
Project("{FAE04EC0-301F-11D3-BF4B-00C04F79EFBC}") = "Robot_19", "Robot (19)\Robot_19.csproj", "{4FA19A9D-B268-49E1-92A5-1433C6856891}"
EndProject
Project("{FAE04EC0-301F-11D3-BF4B-00C04F79EFBC}") = "Robot_20", "Robot (20)\Robot_20.csproj", "{BAB39322-022C-46E0-8028-EF688F39E327}"
EndProject
Project("{FAE04EC0-301F-11D3-BF4B-00C04F79EFBC}") = "Robot_21", "Robot (21)\Robot_21.csproj", "{E638100B-8649-4911-99C7-14A84B841A56}"
EndProject
Project("{FAE04EC0-301F-11D3-BF4B-00C04F79EFBC}") = "Robot_22", "Robot (22)\Robot_22.csproj", "{3DF11022-E7E2-434F-B240-90C62FC87EA0}"
EndProject
Project("{FAE04EC0-301F-11D3-BF4B-00C04F79EFBC}") = "Robot_23", "Robot (23)\Robot_23.csproj", "{2E90AD1E-6DDC-4920-B465-4AA7B9F7CDC6}"
EndProject
Project("{FAE04EC0-301F-11D3-BF4B-00C04F79EFBC}") = "Robot_24", "Robot (24)\Robot_24.csproj", "{C5B84D81-E74A-406C-8D22-C253E5928857}"
EndProject
Project("{FAE04EC0-301F-11D3-BF4B-00C04F79EFBC}") = "Robot_25", "Robot (25)\Robot_25.csproj", "{E39EEA6F-2624-45DD-91C0-56CF9B339545}"
EndProject
Project("{FAE04EC0-301F-11D3-BF4B-00C04F79EFBC}") = "Robot_26", "Robot (26)\Robot_26.csproj", "{062586B0-00D3-451D-90EB-809FB547F4E0}"
EndProject
Project("{FAE04EC0-301F-11D3-BF4B-00C04F79EFBC}") = "Robot_27", "Robot (27)\Robot_27.csproj", "{947B5337-7FED-405E-9214-E4D3B7D30CE2}"
EndProject
Global
	GlobalSection(SolutionConfigurationPlatforms) = preSolution
		Debug|Any CPU = Debug|Any CPU
		Release|Any CPU = Release|Any CPU
	EndGlobalSection
	GlobalSection(ProjectConfigurationPlatforms) = postSolution
		{F5B4EF4F-D080-4647-B645-791004B3C019}.Debug|Any CPU.ActiveCfg = Debug|Any CPU
		{F5B4EF4F-D080-4647-B645-791004B3C019}.Debug|Any CPU.Build.0 = Debug|Any CPU
		{F5B4EF4F-D080-4647-B645-791004B3C019}.Release|Any CPU.ActiveCfg = Release|Any CPU
		{F5B4EF4F-D080-4647-B645-791004B3C019}.Release|Any CPU.Build.0 = Release|Any CPU
		{F498DFA2-60F4-4931-A05C-9269FA0A82DC}.Debug|Any CPU.ActiveCfg = Debug|Any CPU
		{F498DFA2-60F4-4931-A05C-9269FA0A82DC}.Debug|Any CPU.Build.0 = Debug|Any CPU
		{F498DFA2-60F4-4931-A05C-9269FA0A82DC}.Release|Any CPU.ActiveCfg = Release|Any CPU
		{F498DFA2-60F4-4931-A05C-9269FA0A82DC}.Release|Any CPU.Build.0 = Release|Any CPU
		{BE4ADCB3-32A3-4BF4-86DE-04A9558449CC}.Debug|Any CPU.ActiveCfg = Debug|Any CPU
		{BE4ADCB3-32A3-4BF4-86DE-04A9558449CC}.Debug|Any CPU.Build.0 = Debug|Any CPU
		{BE4ADCB3-32A3-4BF4-86DE-04A9558449CC}.Release|Any CPU.ActiveCfg = Release|Any CPU
		{BE4ADCB3-32A3-4BF4-86DE-04A9558449CC}.Release|Any CPU.Build.0 = Release|Any CPU
		{7C241702-E991-4094-A8E3-1723FDD13CDE}.Debug|Any CPU.ActiveCfg = Debug|Any CPU
		{7C241702-E991-4094-A8E3-1723FDD13CDE}.Debug|Any CPU.Build.0 = Debug|Any CPU
		{7C241702-E991-4094-A8E3-1723FDD13CDE}.Release|Any CPU.ActiveCfg = Release|Any CPU
		{7C241702-E991-4094-A8E3-1723FDD13CDE}.Release|Any CPU.Build.0 = Release|Any CPU
		{23F26B9A-D348-4ADB-9889-002C2C288296}.Debug|Any CPU.ActiveCfg = Debug|Any CPU
		{23F26B9A-D348-4ADB-9889-002C2C288296}.Debug|Any CPU.Build.0 = Debug|Any CPU
		{23F26B9A-D348-4ADB-9889-002C2C288296}.Release|Any CPU.ActiveCfg = Release|Any CPU
		{23F26B9A-D348-4ADB-9889-002C2C288296}.Release|Any CPU.Build.0 = Release|Any CPU
		{DE85C32D-5168-40E3-864F-0CB04067BB49}.Debug|Any CPU.ActiveCfg = Debug|Any CPU
		{DE85C32D-5168-40E3-864F-0CB04067BB49}.Debug|Any CPU.Build.0 = Debug|Any CPU
		{DE85C32D-5168-40E3-864F-0CB04067BB49}.Release|Any CPU.ActiveCfg = Release|Any CPU
		{DE85C32D-5168-40E3-864F-0CB04067BB49}.Release|Any CPU.Build.0 = Release|Any CPU
		{0C65D1E9-59E8-4791-8936-818403491CC7}.Debug|Any CPU.ActiveCfg = Debug|Any CPU
		{0C65D1E9-59E8-4791-8936-818403491CC7}.Debug|Any CPU.Build.0 = Debug|Any CPU
		{0C65D1E9-59E8-4791-8936-818403491CC7}.Release|Any CPU.ActiveCfg = Release|Any CPU
		{0C65D1E9-59E8-4791-8936-818403491CC7}.Release|Any CPU.Build.0 = Release|Any CPU
		{3D080229-79D7-4B9F-916D-3F75667A47C8}.Debug|Any CPU.ActiveCfg = Debug|Any CPU
		{3D080229-79D7-4B9F-916D-3F75667A47C8}.Debug|Any CPU.Build.0 = Debug|Any CPU
		{3D080229-79D7-4B9F-916D-3F75667A47C8}.Release|Any CPU.ActiveCfg = Release|Any CPU
		{3D080229-79D7-4B9F-916D-3F75667A47C8}.Release|Any CPU.Build.0 = Release|Any CPU
		{78FF1A6A-D2D0-4DB3-97A2-168A212ED9AF}.Debug|Any CPU.ActiveCfg = Debug|Any CPU
		{78FF1A6A-D2D0-4DB3-97A2-168A212ED9AF}.Debug|Any CPU.Build.0 = Debug|Any CPU
		{78FF1A6A-D2D0-4DB3-97A2-168A212ED9AF}.Release|Any CPU.ActiveCfg = Release|Any CPU
		{78FF1A6A-D2D0-4DB3-97A2-168A212ED9AF}.Release|Any CPU.Build.0 = Release|Any CPU
		{5B7EA0AB-2AE5-4D54-9134-03B9A1EF1C20}.Debug|Any CPU.ActiveCfg = Debug|Any CPU
		{5B7EA0AB-2AE5-4D54-9134-03B9A1EF1C20}.Debug|Any CPU.Build.0 = Debug|Any CPU
		{5B7EA0AB-2AE5-4D54-9134-03B9A1EF1C20}.Release|Any CPU.ActiveCfg = Release|Any CPU
		{5B7EA0AB-2AE5-4D54-9134-03B9A1EF1C20}.Release|Any CPU.Build.0 = Release|Any CPU
		{9674D3E3-2D9B-4193-A276-995524B19D76}.Debug|Any CPU.ActiveCfg = Debug|Any CPU
		{9674D3E3-2D9B-4193-A276-995524B19D76}.Debug|Any CPU.Build.0 = Debug|Any CPU
		{9674D3E3-2D9B-4193-A276-995524B19D76}.Release|Any CPU.ActiveCfg = Release|Any CPU
		{9674D3E3-2D9B-4193-A276-995524B19D76}.Release|Any CPU.Build.0 = Release|Any CPU
		{D1BC896F-3433-477B-895C-C78CF0006E62}.Debug|Any CPU.ActiveCfg = Debug|Any CPU
		{D1BC896F-3433-477B-895C-C78CF0006E62}.Debug|Any CPU.Build.0 = Debug|Any CPU
		{D1BC896F-3433-477B-895C-C78CF0006E62}.Release|Any CPU.ActiveCfg = Release|Any CPU
		{D1BC896F-3433-477B-895C-C78CF0006E62}.Release|Any CPU.Build.0 = Release|Any CPU
		{9E926A6E-EE00-40E0-BFA2-7061BE34A809}.Debug|Any CPU.ActiveCfg = Debug|Any CPU
		{9E926A6E-EE00-40E0-BFA2-7061BE34A809}.Debug|Any CPU.Build.0 = Debug|Any CPU
		{9E926A6E-EE00-40E0-BFA2-7061BE34A809}.Release|Any CPU.ActiveCfg = Release|Any CPU
		{9E926A6E-EE00-40E0-BFA2-7061BE34A809}.Release|Any CPU.Build.0 = Release|Any CPU
		{BA30BFA1-F0BB-4FF9-9F92-8981A4862C0E}.Debug|Any CPU.ActiveCfg = Debug|Any CPU
		{BA30BFA1-F0BB-4FF9-9F92-8981A4862C0E}.Debug|Any CPU.Build.0 = Debug|Any CPU
		{BA30BFA1-F0BB-4FF9-9F92-8981A4862C0E}.Release|Any CPU.ActiveCfg = Release|Any CPU
		{BA30BFA1-F0BB-4FF9-9F92-8981A4862C0E}.Release|Any CPU.Build.0 = Release|Any CPU
		{89202EDD-EA36-4A50-8CEE-EB5853FB6061}.Debug|Any CPU.ActiveCfg = Debug|Any CPU
		{89202EDD-EA36-4A50-8CEE-EB5853FB6061}.Debug|Any CPU.Build.0 = Debug|Any CPU
		{89202EDD-EA36-4A50-8CEE-EB5853FB6061}.Release|Any CPU.ActiveCfg = Release|Any CPU
		{89202EDD-EA36-4A50-8CEE-EB5853FB6061}.Release|Any CPU.Build.0 = Release|Any CPU
		{934A761A-359A-4D7D-B6EE-B4AD439E8DA4}.Debug|Any CPU.ActiveCfg = Debug|Any CPU
		{934A761A-359A-4D7D-B6EE-B4AD439E8DA4}.Debug|Any CPU.Build.0 = Debug|Any CPU
		{934A761A-359A-4D7D-B6EE-B4AD439E8DA4}.Release|Any CPU.ActiveCfg = Release|Any CPU
		{934A761A-359A-4D7D-B6EE-B4AD439E8DA4}.Release|Any CPU.Build.0 = Release|Any CPU
		{396AF4EF-24B7-47FF-B4C6-2169249C08E2}.Debug|Any CPU.ActiveCfg = Debug|Any CPU
		{396AF4EF-24B7-47FF-B4C6-2169249C08E2}.Debug|Any CPU.Build.0 = Debug|Any CPU
		{396AF4EF-24B7-47FF-B4C6-2169249C08E2}.Release|Any CPU.ActiveCfg = Release|Any CPU
		{396AF4EF-24B7-47FF-B4C6-2169249C08E2}.Release|Any CPU.Build.0 = Release|Any CPU
		{C794E368-AA42-4653-AFA5-FC947FCB1984}.Debug|Any CPU.ActiveCfg = Debug|Any CPU
		{C794E368-AA42-4653-AFA5-FC947FCB1984}.Debug|Any CPU.Build.0 = Debug|Any CPU
		{C794E368-AA42-4653-AFA5-FC947FCB1984}.Release|Any CPU.ActiveCfg = Release|Any CPU
		{C794E368-AA42-4653-AFA5-FC947FCB1984}.Release|Any CPU.Build.0 = Release|Any CPU
		{D5216569-DCF0-41DD-B934-1CC078A66606}.Debug|Any CPU.ActiveCfg = Debug|Any CPU
		{D5216569-DCF0-41DD-B934-1CC078A66606}.Debug|Any CPU.Build.0 = Debug|Any CPU
		{D5216569-DCF0-41DD-B934-1CC078A66606}.Release|Any CPU.ActiveCfg = Release|Any CPU
		{D5216569-DCF0-41DD-B934-1CC078A66606}.Release|Any CPU.Build.0 = Release|Any CPU
		{989328D5-261A-4642-A13F-43ECDBE8F726}.Debug|Any CPU.ActiveCfg = Debug|Any CPU
		{989328D5-261A-4642-A13F-43ECDBE8F726}.Debug|Any CPU.Build.0 = Debug|Any CPU
		{989328D5-261A-4642-A13F-43ECDBE8F726}.Release|Any CPU.ActiveCfg = Release|Any CPU
		{989328D5-261A-4642-A13F-43ECDBE8F726}.Release|Any CPU.Build.0 = Release|Any CPU
		{B261D9D6-673C-418C-9CFD-411C0DF56493}.Debug|Any CPU.ActiveCfg = Debug|Any CPU
		{B261D9D6-673C-418C-9CFD-411C0DF56493}.Debug|Any CPU.Build.0 = Debug|Any CPU
		{B261D9D6-673C-418C-9CFD-411C0DF56493}.Release|Any CPU.ActiveCfg = Release|Any CPU
		{B261D9D6-673C-418C-9CFD-411C0DF56493}.Release|Any CPU.Build.0 = Release|Any CPU
		{4FA19A9D-B268-49E1-92A5-1433C6856891}.Debug|Any CPU.ActiveCfg = Debug|Any CPU
		{4FA19A9D-B268-49E1-92A5-1433C6856891}.Debug|Any CPU.Build.0 = Debug|Any CPU
		{4FA19A9D-B268-49E1-92A5-1433C6856891}.Release|Any CPU.ActiveCfg = Release|Any CPU
		{4FA19A9D-B268-49E1-92A5-1433C6856891}.Release|Any CPU.Build.0 = Release|Any CPU
		{BAB39322-022C-46E0-8028-EF688F39E327}.Debug|Any CPU.ActiveCfg = Debug|Any CPU
		{BAB39322-022C-46E0-8028-EF688F39E327}.Debug|Any CPU.Build.0 = Debug|Any CPU
		{BAB39322-022C-46E0-8028-EF688F39E327}.Release|Any CPU.ActiveCfg = Release|Any CPU
		{BAB39322-022C-46E0-8028-EF688F39E327}.Release|Any CPU.Build.0 = Release|Any CPU
		{E638100B-8649-4911-99C7-14A84B841A56}.Debug|Any CPU.ActiveCfg = Debug|Any CPU
		{E638100B-8649-4911-99C7-14A84B841A56}.Debug|Any CPU.Build.0 = Debug|Any CPU
		{E638100B-8649-4911-99C7-14A84B841A56}.Release|Any CPU.ActiveCfg = Release|Any CPU
		{E638100B-8649-4911-99C7-14A84B841A56}.Release|Any CPU.Build.0 = Release|Any CPU
		{3DF11022-E7E2-434F-B240-90C62FC87EA0}.Debug|Any CPU.ActiveCfg = Debug|Any CPU
		{3DF11022-E7E2-434F-B240-90C62FC87EA0}.Debug|Any CPU.Build.0 = Debug|Any CPU
		{3DF11022-E7E2-434F-B240-90C62FC87EA0}.Release|Any CPU.ActiveCfg = Release|Any CPU
		{3DF11022-E7E2-434F-B240-90C62FC87EA0}.Release|Any CPU.Build.0 = Release|Any CPU
		{2E90AD1E-6DDC-4920-B465-4AA7B9F7CDC6}.Debug|Any CPU.ActiveCfg = Debug|Any CPU
		{2E90AD1E-6DDC-4920-B465-4AA7B9F7CDC6}.Debug|Any CPU.Build.0 = Debug|Any CPU
		{2E90AD1E-6DDC-4920-B465-4AA7B9F7CDC6}.Release|Any CPU.ActiveCfg = Release|Any CPU
		{2E90AD1E-6DDC-4920-B465-4AA7B9F7CDC6}.Release|Any CPU.Build.0 = Release|Any CPU
		{C5B84D81-E74A-406C-8D22-C253E5928857}.Debug|Any CPU.ActiveCfg = Debug|Any CPU
		{C5B84D81-E74A-406C-8D22-C253E5928857}.Debug|Any CPU.Build.0 = Debug|Any CPU
		{C5B84D81-E74A-406C-8D22-C253E5928857}.Release|Any CPU.ActiveCfg = Release|Any CPU
		{C5B84D81-E74A-406C-8D22-C253E5928857}.Release|Any CPU.Build.0 = Release|Any CPU
		{E39EEA6F-2624-45DD-91C0-56CF9B339545}.Debug|Any CPU.ActiveCfg = Debug|Any CPU
		{E39EEA6F-2624-45DD-91C0-56CF9B339545}.Debug|Any CPU.Build.0 = Debug|Any CPU
		{E39EEA6F-2624-45DD-91C0-56CF9B339545}.Release|Any CPU.ActiveCfg = Release|Any CPU
		{E39EEA6F-2624-45DD-91C0-56CF9B339545}.Release|Any CPU.Build.0 = Release|Any CPU
		{062586B0-00D3-451D-90EB-809FB547F4E0}.Debug|Any CPU.ActiveCfg = Debug|Any CPU
		{062586B0-00D3-451D-90EB-809FB547F4E0}.Debug|Any CPU.Build.0 = Debug|Any CPU
		{062586B0-00D3-451D-90EB-809FB547F4E0}.Release|Any CPU.ActiveCfg = Release|Any CPU
		{062586B0-00D3-451D-90EB-809FB547F4E0}.Release|Any CPU.Build.0 = Release|Any CPU
		{947B5337-7FED-405E-9214-E4D3B7D30CE2}.Debug|Any CPU.ActiveCfg = Debug|Any CPU
		{947B5337-7FED-405E-9214-E4D3B7D30CE2}.Debug|Any CPU.Build.0 = Debug|Any CPU
		{947B5337-7FED-405E-9214-E4D3B7D30CE2}.Release|Any CPU.ActiveCfg = Release|Any CPU
		{947B5337-7FED-405E-9214-E4D3B7D30CE2}.Release|Any CPU.Build.0 = Release|Any CPU
	EndGlobalSection
	GlobalSection(SolutionProperties) = preSolution
		HideSolutionNode = FALSE
	EndGlobalSection
	GlobalSection(ExtensibilityGlobals) = postSolution
		SolutionGuid = {9C89B3FF-DB48-4612-8249-603FAAED30B4}
	EndGlobalSection
EndGlobal
